
Microsoft Visual Studio Solution File, Format Version 12.00
# Visual Studio Version 16
VisualStudioVersion = 16.0.30517.126
MinimumVisualStudioVersion = 10.0.40219.1
Project("{9A19103F-16F7-4668-BE54-9A1E7A4F7556}") = "ControlFlow", "ControlFlow\ControlFlow.csproj", "{AA06AE01-45BF-403D-9932-F54A7BB36AFF}"
EndProject
Project("{9A19103F-16F7-4668-BE54-9A1E7A4F7556}") = "ControlFlow2", "..\ControlFlow2\ControlFlow2\ControlFlow2.csproj", "{2A993DFF-3591-4285-B114-5B5FCB59BC12}"
EndProject
Project("{FAE04EC0-301F-11D3-BF4B-00C04F79EFBC}") = "PositiveNegative", "PositiveNegative\PositiveNegative.csproj", "{7E28F539-1163-461B-B1E9-21EE36D28463}"
EndProject
Global
	GlobalSection(SolutionConfigurationPlatforms) = preSolution
		Debug|Any CPU = Debug|Any CPU
		Release|Any CPU = Release|Any CPU
	EndGlobalSection
	GlobalSection(ProjectConfigurationPlatforms) = postSolution
		{AA06AE01-45BF-403D-9932-F54A7BB36AFF}.Debug|Any CPU.ActiveCfg = Debug|Any CPU
		{AA06AE01-45BF-403D-9932-F54A7BB36AFF}.Debug|Any CPU.Build.0 = Debug|Any CPU
		{AA06AE01-45BF-403D-9932-F54A7BB36AFF}.Release|Any CPU.ActiveCfg = Release|Any CPU
		{AA06AE01-45BF-403D-9932-F54A7BB36AFF}.Release|Any CPU.Build.0 = Release|Any CPU
		{2A993DFF-3591-4285-B114-5B5FCB59BC12}.Debug|Any CPU.ActiveCfg = Debug|Any CPU
		{2A993DFF-3591-4285-B114-5B5FCB59BC12}.Debug|Any CPU.Build.0 = Debug|Any CPU
		{2A993DFF-3591-4285-B114-5B5FCB59BC12}.Release|Any CPU.ActiveCfg = Release|Any CPU
		{2A993DFF-3591-4285-B114-5B5FCB59BC12}.Release|Any CPU.Build.0 = Release|Any CPU
		{7E28F539-1163-461B-B1E9-21EE36D28463}.Debug|Any CPU.ActiveCfg = Debug|Any CPU
		{7E28F539-1163-461B-B1E9-21EE36D28463}.Debug|Any CPU.Build.0 = Debug|Any CPU
		{7E28F539-1163-461B-B1E9-21EE36D28463}.Release|Any CPU.ActiveCfg = Release|Any CPU
		{7E28F539-1163-461B-B1E9-21EE36D28463}.Release|Any CPU.Build.0 = Release|Any CPU
	EndGlobalSection
	GlobalSection(SolutionProperties) = preSolution
		HideSolutionNode = FALSE
	EndGlobalSection
	GlobalSection(ExtensibilityGlobals) = postSolution
		SolutionGuid = {1A3A015F-9499-4A9F-AE5D-F2D2309E9BDB}
	EndGlobalSection
EndGlobal
